
Microsoft Visual Studio Solution File, Format Version 12.00
# Visual Studio 14
VisualStudioVersion = 14.0.25420.1
MinimumVisualStudioVersion = 10.0.40219.1
Project("{8BC9CEB8-8B4A-11D0-8D11-00A0C91BC942}") = "GameEngine", "GameEngine\GameEngine.vcxproj", "{2E18DD02-7F57-4164-AC0B-D6C5DDA28E32}"
EndProject
Project("{8BC9CEB8-8B4A-11D0-8D11-00A0C91BC942}") = "MonsterChase", "MonsterChase\MonsterChase.vcxproj", "{E8732D66-C546-461E-BD92-4AB9DCB576D1}"
	ProjectSection(ProjectDependencies) = postProject
		{2E18DD02-7F57-4164-AC0B-D6C5DDA28E32} = {2E18DD02-7F57-4164-AC0B-D6C5DDA28E32}
	EndProjectSection
EndProject
Global
	GlobalSection(SolutionConfigurationPlatforms) = preSolution
		Debug|x64 = Debug|x64
		Debug|x86 = Debug|x86
		Release|x64 = Release|x64
		Release|x86 = Release|x86
	EndGlobalSection
	GlobalSection(ProjectConfigurationPlatforms) = postSolution
		{2E18DD02-7F57-4164-AC0B-D6C5DDA28E32}.Debug|x64.ActiveCfg = Debug|x64
		{2E18DD02-7F57-4164-AC0B-D6C5DDA28E32}.Debug|x64.Build.0 = Debug|x64
		{2E18DD02-7F57-4164-AC0B-D6C5DDA28E32}.Debug|x86.ActiveCfg = Debug|x64
		{2E18DD02-7F57-4164-AC0B-D6C5DDA28E32}.Debug|x86.Build.0 = Debug|x64
		{2E18DD02-7F57-4164-AC0B-D6C5DDA28E32}.Release|x64.ActiveCfg = Release|x64
		{2E18DD02-7F57-4164-AC0B-D6C5DDA28E32}.Release|x64.Build.0 = Release|x64
		{2E18DD02-7F57-4164-AC0B-D6C5DDA28E32}.Release|x86.ActiveCfg = Release|Win32
		{2E18DD02-7F57-4164-AC0B-D6C5DDA28E32}.Release|x86.Build.0 = Release|Win32
		{E8732D66-C546-461E-BD92-4AB9DCB576D1}.Debug|x64.ActiveCfg = Debug|x64
		{E8732D66-C546-461E-BD92-4AB9DCB576D1}.Debug|x64.Build.0 = Debug|x64
		{E8732D66-C546-461E-BD92-4AB9DCB576D1}.Debug|x64.Deploy.0 = Debug|x64
		{E8732D66-C546-461E-BD92-4AB9DCB576D1}.Debug|x86.ActiveCfg = Debug|x64
		{E8732D66-C546-461E-BD92-4AB9DCB576D1}.Debug|x86.Build.0 = Debug|x64
		{E8732D66-C546-461E-BD92-4AB9DCB576D1}.Release|x64.ActiveCfg = Release|x64
		{E8732D66-C546-461E-BD92-4AB9DCB576D1}.Release|x64.Build.0 = Release|x64
		{E8732D66-C546-461E-BD92-4AB9DCB576D1}.Release|x86.ActiveCfg = Release|Win32
		{E8732D66-C546-461E-BD92-4AB9DCB576D1}.Release|x86.Build.0 = Release|Win32
	EndGlobalSection
	GlobalSection(SolutionProperties) = preSolution
		HideSolutionNode = FALSE
	EndGlobalSection
EndGlobal
