<?xml version="1.0" encoding="utf-8"?>
<Project ToolsVersion="4.0" xmlns="http://schemas.microsoft.com/developer/msbuild/2003">
  <ItemGroup>
    <Filter Include="Source Files">
      <UniqueIdentifier>{4FC737F1-C7A5-4376-A066-2A32D752A2FF}</UniqueIdentifier>
      <Extensions>cpp;c;cc;cxx;def;odl;idl;hpj;bat;asm;asmx</Extensions>
    </Filter>
    <Filter Include="Header Files">
      <UniqueIdentifier>{93995380-89BD-4b04-88EB-625FBE52EBFB}</UniqueIdentifier>
      <Extensions>h;hh;hpp;hxx;hm;inl;inc;xsd</Extensions>
    </Filter>
    <Filter Include="Resource Files">
      <UniqueIdentifier>{67DA6AB6-F800-4c08-8B7A-83BB121AAD01}</UniqueIdentifier>
      <Extensions>rc;ico;cur;bmp;dlg;rc2;rct;bin;rgs;gif;jpg;jpeg;jpe;resx;tiff;tif;png;wav;mfcribbon-ms</Extensions>
    </Filter>
    <Filter Include="Header Files\Math">
      <UniqueIdentifier>{06a382ee-6f25-4a48-a515-4de740957818}</UniqueIdentifier>
    </Filter>
    <Filter Include="Source Files\Math">
      <UniqueIdentifier>{8ec338da-0a08-4a7b-a7ad-334d88c5e276}</UniqueIdentifier>
    </Filter>
    <Filter Include="Header Files\Core">
      <UniqueIdentifier>{6c021fd0-5a1a-4721-83ed-039747d8667e}</UniqueIdentifier>
    </Filter>
    <Filter Include="Source Files\Core">
      <UniqueIdentifier>{4eda3ba1-1884-438d-a132-7dfcc997f7b1}</UniqueIdentifier>
    </Filter>
    <Filter Include="Header Files\DataStructures">
      <UniqueIdentifier>{d6562554-44f9-4b5a-b345-aed786a98e84}</UniqueIdentifier>
    </Filter>
    <Filter Include="Source Files\DataStructures">
      <UniqueIdentifier>{0f7dae4f-36e1-4201-8f44-840db2a07dee}</UniqueIdentifier>
    </Filter>
  </ItemGroup>
  <ItemGroup>
    <Text Include="ReadMe.txt" />
  </ItemGroup>
  <ItemGroup>
    <ClInclude Include="..\MonsterChase\Random.h">
      <Filter>Header Files\Math</Filter>
    </ClInclude>
    <ClInclude Include="Vector3.h">
      <Filter>Header Files\Math</Filter>
    </ClInclude>
    <ClInclude Include="HeapAllocator.h">
      <Filter>Header Files\Core</Filter>
    </ClInclude>
    <ClInclude Include="MemoryAllocator.h">
      <Filter>Header Files\Core</Filter>
    </ClInclude>
    <ClInclude Include="LinkedList.h">
      <Filter>Header Files\DataStructures</Filter>
    </ClInclude>
    <ClInclude Include="GameObject.h">
      <Filter>Header Files</Filter>
    </ClInclude>
    <ClInclude Include="IGameObjectController.h">
      <Filter>Header Files</Filter>
    </ClInclude>
    <ClInclude Include="BitArray.h">
      <Filter>Header Files\Math</Filter>
    </ClInclude>
  </ItemGroup>
  <ItemGroup>
    <ClCompile Include="Vector3.cpp">
      <Filter>Source Files\Math</Filter>
    </ClCompile>
    <ClCompile Include="..\MonsterChase\Random.cpp">
      <Filter>Source Files\Math</Filter>
    </ClCompile>
    <ClCompile Include="MemoryAllocator.cpp">
      <Filter>Source Files\Core</Filter>
    </ClCompile>
    <ClCompile Include="HeapAllocator.cpp">
      <Filter>Source Files\Core</Filter>
    </ClCompile>
    <ClCompile Include="LinkedList.cpp">
      <Filter>Source Files\DataStructures</Filter>
    </ClCompile>
    <ClCompile Include="GameObject.cpp">
      <Filter>Source Files</Filter>
    </ClCompile>
    <ClCompile Include="BitArray.cpp">
      <Filter>Source Files\Math</Filter>
    </ClCompile>
  </ItemGroup>
</Project>